// !$*UTF8*$!
{
	archiveVersion = 1;
	classes = {
	};
	objectVersion = 46;
	objects = {

/* Begin PBXBuildFile section */
		9E11E747160524AE00EC55A2 /* main.cpp in Sources */ = {isa = PBXBuildFile; fileRef = 9E11E746160524AE00EC55A2 /* main.cpp */; };
		9E11E749160524AE00EC55A2 /* playproc.1 in CopyFiles */ = {isa = PBXBuildFile; fileRef = 9E11E748160524AE00EC55A2 /* playproc.1 */; };
/* End PBXBuildFile section */

/* Begin PBXCopyFilesBuildPhase section */
		9E11E740160524AE00EC55A2 /* CopyFiles */ = {
			isa = PBXCopyFilesBuildPhase;
			buildActionMask = 2147483647;
			dstPath = /usr/share/man/man1/;
			dstSubfolderSpec = 0;
			files = (
				9E11E749160524AE00EC55A2 /* playproc.1 in CopyFiles */,
			);
			runOnlyForDeploymentPostprocessing = 1;
		};
/* End PBXCopyFilesBuildPhase section */

/* Begin PBXFileReference section */
		9E11E742160524AE00EC55A2 /* playproc */ = {isa = PBXFileReference; explicitFileType = "compiled.mach-o.executable"; includeInIndex = 0; path = playproc; sourceTree = BUILT_PRODUCTS_DIR; };
		9E11E746160524AE00EC55A2 /* main.cpp */ = {isa = PBXFileReference; lastKnownFileType = sourcecode.cpp.cpp; path = main.cpp; sourceTree = "<group>"; };
		9E11E748160524AE00EC55A2 /* playproc.1 */ = {isa = PBXFileReference; lastKnownFileType = text.man; path = playproc.1; sourceTree = "<group>"; };
/* End PBXFileReference section */

/* Begin PBXFrameworksBuildPhase section */
		9E11E73F160524AE00EC55A2 /* Frameworks */ = {
			isa = PBXFrameworksBuildPhase;
			buildActionMask = 2147483647;
			files = (
			);
			runOnlyForDeploymentPostprocessing = 0;
		};
/* End PBXFrameworksBuildPhase section */

/* Begin PBXGroup section */
		9E11E737160524AE00EC55A2 = {
			isa = PBXGroup;
			children = (
				9E11E745160524AE00EC55A2 /* playproc */,
				9E11E743160524AE00EC55A2 /* Products */,
			);
			sourceTree = "<group>";
		};
		9E11E743160524AE00EC55A2 /* Products */ = {
			isa = PBXGroup;
			children = (
				9E11E742160524AE00EC55A2 /* playproc */,
			);
			name = Products;
			sourceTree = "<group>";
		};
		9E11E745160524AE00EC55A2 /* playproc */ = {
			isa = PBXGroup;
			children = (
				9E11E746160524AE00EC55A2 /* main.cpp */,
				9E11E748160524AE00EC55A2 /* playproc.1 */,
			);
			path = playproc;
			sourceTree = "<group>";
		};
/* End PBXGroup section */

/* Begin PBXNativeTarget section */
		9E11E741160524AE00EC55A2 /* playproc */ = {
			isa = PBXNativeTarget;
			buildConfigurationList = 9E11E74C160524AE00EC55A2 /* Build configuration list for PBXNativeTarget "playproc" */;
			buildPhases = (
				9E11E73E160524AE00EC55A2 /* Sources */,
				9E11E73F160524AE00EC55A2 /* Frameworks */,
				9E11E740160524AE00EC55A2 /* CopyFiles */,
			);
			buildRules = (
			);
			dependencies = (
			);
			name = playproc;
			productName = playproc;
			productReference = 9E11E742160524AE00EC55A2 /* playproc */;
			productType = "com.apple.product-type.tool";
		};
/* End PBXNativeTarget section */

/* Begin PBXProject section */
		9E11E739160524AE00EC55A2 /* Project object */ = {
			isa = PBXProject;
			attributes = {
				LastUpgradeCheck = 0440;
				ORGANIZATIONNAME = "Andrew Wheeler";
			};
			buildConfigurationList = 9E11E73C160524AE00EC55A2 /* Build configuration list for PBXProject "playproc" */;
			compatibilityVersion = "Xcode 3.2";
			developmentRegion = English;
			hasScannedForEncodings = 0;
			knownRegions = (
				en,
			);
			mainGroup = 9E11E737160524AE00EC55A2;
			productRefGroup = 9E11E743160524AE00EC55A2 /* Products */;
			projectDirPath = "";
			projectRoot = "";
			targets = (
				9E11E741160524AE00EC55A2 /* playproc */,
			);
		};
/* End PBXProject section */

/* Begin PBXSourcesBuildPhase section */
		9E11E73E160524AE00EC55A2 /* Sources */ = {
			isa = PBXSourcesBuildPhase;
			buildActionMask = 2147483647;
			files = (
				9E11E747160524AE00EC55A2 /* main.cpp in Sources */,
			);
			runOnlyForDeploymentPostprocessing = 0;
		};
/* End PBXSourcesBuildPhase section */

/* Begin XCBuildConfiguration section */
		9E11E74A160524AE00EC55A2 /* Debug */ = {
			isa = XCBuildConfiguration;
			buildSettings = {
				ALWAYS_SEARCH_USER_PATHS = NO;
				ARCHS = "$(ARCHS_STANDARD_64_BIT)";
				CLANG_CXX_LANGUAGE_STANDARD = "gnu++0x";
				CLANG_ENABLE_OBJC_ARC = YES;
				CLANG_WARN__DUPLICATE_METHOD_MATCH = YES;
				COPY_PHASE_STRIP = NO;
				GCC_C_LANGUAGE_STANDARD = gnu99;
				GCC_DYNAMIC_NO_PIC = NO;
				GCC_ENABLE_OBJC_EXCEPTIONS = YES;
				GCC_OPTIMIZATION_LEVEL = 0;
				GCC_PREPROCESSOR_DEFINITIONS = (
					"DEBUG=1",
					"$(inherited)",
				);
				GCC_SYMBOLS_PRIVATE_EXTERN = NO;
				GCC_WARN_64_TO_32_BIT_CONVERSION = YES;
				GCC_WARN_ABOUT_RETURN_TYPE = YES;
				GCC_WARN_UNINITIALIZED_AUTOS = YES;
				GCC_WARN_UNUSED_VARIABLE = YES;
				MACOSX_DEPLOYMENT_TARGET = 10.7;
				ONLY_ACTIVE_ARCH = YES;
				SDKROOT = macosx;
			};
			name = Debug;
		};
		9E11E74B160524AE00EC55A2 /* Release */ = {
			isa = XCBuildConfiguration;
			buildSettings = {
				ALWAYS_SEARCH_USER_PATHS = NO;
				ARCHS = "$(ARCHS_STANDARD_64_BIT)";
				CLANG_CXX_LANGUAGE_STANDARD = "gnu++0x";
				CLANG_ENABLE_OBJC_ARC = YES;
				CLANG_WARN__DUPLICATE_METHOD_MATCH = YES;
				COPY_PHASE_STRIP = YES;
				DEBUG_INFORMATION_FORMAT = "dwarf-with-dsym";
				GCC_C_LANGUAGE_STANDARD = gnu99;
				GCC_ENABLE_OBJC_EXCEPTIONS = YES;
				GCC_WARN_64_TO_32_BIT_CONVERSION = YES;
				GCC_WARN_ABOUT_RETURN_TYPE = YES;
				GCC_WARN_UNINITIALIZED_AUTOS = YES;
				GCC_WARN_UNUSED_VARIABLE = YES;
				MACOSX_DEPLOYMENT_TARGET = 10.7;
				SDKROOT = macosx;
			};
			name = Release;
		};
		9E11E74D160524AE00EC55A2 /* Debug */ = {
			isa = XCBuildConfiguration;
			buildSettings = {
				PRODUCT_NAME = "$(TARGET_NAME)";
			};
			name = Debug;
		};
		9E11E74E160524AE00EC55A2 /* Release */ = {
			isa = XCBuildConfiguration;
			buildSettings = {
				PRODUCT_NAME = "$(TARGET_NAME)";
			};
			name = Release;
		};
/* End XCBuildConfiguration section */

/* Begin XCConfigurationList section */
		9E11E73C160524AE00EC55A2 /* Build configuration list for PBXProject "playproc" */ = {
			isa = XCConfigurationList;
			buildConfigurations = (
				9E11E74A160524AE00EC55A2 /* Debug */,
				9E11E74B160524AE00EC55A2 /* Release */,
			);
			defaultConfigurationIsVisible = 0;
			defaultConfigurationName = Release;
		};
		9E11E74C160524AE00EC55A2 /* Build configuration list for PBXNativeTarget "playproc" */ = {
			isa = XCConfigurationList;
			buildConfigurations = (
				9E11E74D160524AE00EC55A2 /* Debug */,
				9E11E74E160524AE00EC55A2 /* Release */,
			);
			defaultConfigurationIsVisible = 0;
		};
/* End XCConfigurationList section */
	};
	rootObject = 9E11E739160524AE00EC55A2 /* Project object */;
}
